
Microsoft Visual Studio Solution File, Format Version 12.00
# Visual Studio Version 17
VisualStudioVersion = 17.14.36717.8 d17.14
MinimumVisualStudioVersion = 10.0.40219.1
Project("{FAE04EC0-301F-11D3-BF4B-00C04F79EFBC}") = "ExpançãoDoReino", "ExpançãoDoReino\ExpançãoDoReino.csproj", "{8EFD3827-725F-4022-89E3-982B57C19853}"
EndProject
Global
	GlobalSection(SolutionConfigurationPlatforms) = preSolution
		Debug|Any CPU = Debug|Any CPU
		Release|Any CPU = Release|Any CPU
	EndGlobalSection
	GlobalSection(ProjectConfigurationPlatforms) = postSolution
		{8EFD3827-725F-4022-89E3-982B57C19853}.Debug|Any CPU.ActiveCfg = Debug|Any CPU
		{8EFD3827-725F-4022-89E3-982B57C19853}.Debug|Any CPU.Build.0 = Debug|Any CPU
		{8EFD3827-725F-4022-89E3-982B57C19853}.Release|Any CPU.ActiveCfg = Release|Any CPU
		{8EFD3827-725F-4022-89E3-982B57C19853}.Release|Any CPU.Build.0 = Release|Any CPU
	EndGlobalSection
	GlobalSection(SolutionProperties) = preSolution
		HideSolutionNode = FALSE
	EndGlobalSection
	GlobalSection(ExtensibilityGlobals) = postSolution
		SolutionGuid = {791648A4-FBED-4D60-9E31-DC8A7F553913}
	EndGlobalSection
EndGlobal
