
Microsoft Visual Studio Solution File, Format Version 12.00
# Visual Studio Version 17
VisualStudioVersion = 17.14.36717.8 d17.14
MinimumVisualStudioVersion = 10.0.40219.1
Project("{FAE04EC0-301F-11D3-BF4B-00C04F79EFBC}") = "ListaExercicios", "ListaExercicios\ListaExercicios.csproj", "{EF762393-B53F-4372-AE1B-1D5F1B6AE2A8}"
EndProject
Global
	GlobalSection(SolutionConfigurationPlatforms) = preSolution
		Debug|Any CPU = Debug|Any CPU
		Release|Any CPU = Release|Any CPU
	EndGlobalSection
	GlobalSection(ProjectConfigurationPlatforms) = postSolution
		{EF762393-B53F-4372-AE1B-1D5F1B6AE2A8}.Debug|Any CPU.ActiveCfg = Debug|Any CPU
		{EF762393-B53F-4372-AE1B-1D5F1B6AE2A8}.Debug|Any CPU.Build.0 = Debug|Any CPU
		{EF762393-B53F-4372-AE1B-1D5F1B6AE2A8}.Release|Any CPU.ActiveCfg = Release|Any CPU
		{EF762393-B53F-4372-AE1B-1D5F1B6AE2A8}.Release|Any CPU.Build.0 = Release|Any CPU
	EndGlobalSection
	GlobalSection(SolutionProperties) = preSolution
		HideSolutionNode = FALSE
	EndGlobalSection
	GlobalSection(ExtensibilityGlobals) = postSolution
		SolutionGuid = {C48CB922-1872-4F38-A9B7-C8A140F6E2CA}
	EndGlobalSection
EndGlobal
